
Microsoft Visual Studio Solution File, Format Version 12.00
# Visual Studio Version 16
VisualStudioVersion = 16.0.31613.86
MinimumVisualStudioVersion = 10.0.40219.1
Project("{9A19103F-16F7-4668-BE54-9A1E7A4F7556}") = "MgMateWeb", "MgMateWeb\MgMateWeb.csproj", "{D6CE07EB-B4ED-40F0-8AE7-96D7ED0C6D44}"
EndProject
Project("{FAE04EC0-301F-11D3-BF4B-00C04F79EFBC}") = "MgMateWebTests", "MgMateWebTests\MgMateWebTests.csproj", "{D09AA139-0344-4AE9-8A1F-9E6CFAE40A46}"
EndProject
Global
	GlobalSection(SolutionConfigurationPlatforms) = preSolution
		Debug|Any CPU = Debug|Any CPU
		Release|Any CPU = Release|Any CPU
	EndGlobalSection
	GlobalSection(ProjectConfigurationPlatforms) = postSolution
		{D6CE07EB-B4ED-40F0-8AE7-96D7ED0C6D44}.Debug|Any CPU.ActiveCfg = Debug|Any CPU
		{D6CE07EB-B4ED-40F0-8AE7-96D7ED0C6D44}.Debug|Any CPU.Build.0 = Debug|Any CPU
		{D6CE07EB-B4ED-40F0-8AE7-96D7ED0C6D44}.Release|Any CPU.ActiveCfg = Release|Any CPU
		{D6CE07EB-B4ED-40F0-8AE7-96D7ED0C6D44}.Release|Any CPU.Build.0 = Release|Any CPU
		{D09AA139-0344-4AE9-8A1F-9E6CFAE40A46}.Debug|Any CPU.ActiveCfg = Debug|Any CPU
		{D09AA139-0344-4AE9-8A1F-9E6CFAE40A46}.Debug|Any CPU.Build.0 = Debug|Any CPU
		{D09AA139-0344-4AE9-8A1F-9E6CFAE40A46}.Release|Any CPU.ActiveCfg = Release|Any CPU
		{D09AA139-0344-4AE9-8A1F-9E6CFAE40A46}.Release|Any CPU.Build.0 = Release|Any CPU
	EndGlobalSection
	GlobalSection(SolutionProperties) = preSolution
		HideSolutionNode = FALSE
	EndGlobalSection
	GlobalSection(ExtensibilityGlobals) = postSolution
		SolutionGuid = {249625A2-2F43-43C5-9094-57036DC17943}
	EndGlobalSection
EndGlobal
